
Microsoft Visual Studio Solution File, Format Version 12.00
# Visual Studio 15
VisualStudioVersion = 15.0.27703.2035
MinimumVisualStudioVersion = 10.0.40219.1
Project("{FAE04EC0-301F-11D3-BF4B-00C04F79EFBC}") = "server", "server\server.csproj", "{6FCBBD60-70BF-45D5-A6FE-F524247A54D7}"
EndProject
Global
	GlobalSection(SolutionConfigurationPlatforms) = preSolution
		Debug|Any CPU = Debug|Any CPU
		Release|Any CPU = Release|Any CPU
	EndGlobalSection
	GlobalSection(ProjectConfigurationPlatforms) = postSolution
		{6FCBBD60-70BF-45D5-A6FE-F524247A54D7}.Debug|Any CPU.ActiveCfg = Debug|Any CPU
		{6FCBBD60-70BF-45D5-A6FE-F524247A54D7}.Debug|Any CPU.Build.0 = Debug|Any CPU
		{6FCBBD60-70BF-45D5-A6FE-F524247A54D7}.Release|Any CPU.ActiveCfg = Release|Any CPU
		{6FCBBD60-70BF-45D5-A6FE-F524247A54D7}.Release|Any CPU.Build.0 = Release|Any CPU
	EndGlobalSection
	GlobalSection(SolutionProperties) = preSolution
		HideSolutionNode = FALSE
	EndGlobalSection
	GlobalSection(ExtensibilityGlobals) = postSolution
		SolutionGuid = {3A8DF42A-1040-430A-AA4E-8A4D43BD91BE}
	EndGlobalSection
EndGlobal
