
Microsoft Visual Studio Solution File, Format Version 12.00
# Visual Studio 15
VisualStudioVersion = 15.0.27703.2035
MinimumVisualStudioVersion = 10.0.40219.1
Project("{FAE04EC0-301F-11D3-BF4B-00C04F79EFBC}") = "Unittesting.Fundamental", "Unittesting.Fundamental\Unittesting.Fundamental.csproj", "{3FB70325-7A8B-4049-A126-3DF59FC56EAF}"
EndProject
Project("{FAE04EC0-301F-11D3-BF4B-00C04F79EFBC}") = "TestNinja.UnitTest", "TestNinja.UnitTest\TestNinja.UnitTest.csproj", "{6D77AAE3-83BE-4A88-BD74-5A2C59BCCC89}"
EndProject
Global
	GlobalSection(SolutionConfigurationPlatforms) = preSolution
		Debug|Any CPU = Debug|Any CPU
		Release|Any CPU = Release|Any CPU
	EndGlobalSection
	GlobalSection(ProjectConfigurationPlatforms) = postSolution
		{3FB70325-7A8B-4049-A126-3DF59FC56EAF}.Debug|Any CPU.ActiveCfg = Debug|Any CPU
		{3FB70325-7A8B-4049-A126-3DF59FC56EAF}.Debug|Any CPU.Build.0 = Debug|Any CPU
		{3FB70325-7A8B-4049-A126-3DF59FC56EAF}.Release|Any CPU.ActiveCfg = Release|Any CPU
		{3FB70325-7A8B-4049-A126-3DF59FC56EAF}.Release|Any CPU.Build.0 = Release|Any CPU
		{6D77AAE3-83BE-4A88-BD74-5A2C59BCCC89}.Debug|Any CPU.ActiveCfg = Debug|Any CPU
		{6D77AAE3-83BE-4A88-BD74-5A2C59BCCC89}.Debug|Any CPU.Build.0 = Debug|Any CPU
		{6D77AAE3-83BE-4A88-BD74-5A2C59BCCC89}.Release|Any CPU.ActiveCfg = Release|Any CPU
		{6D77AAE3-83BE-4A88-BD74-5A2C59BCCC89}.Release|Any CPU.Build.0 = Release|Any CPU
	EndGlobalSection
	GlobalSection(SolutionProperties) = preSolution
		HideSolutionNode = FALSE
	EndGlobalSection
	GlobalSection(ExtensibilityGlobals) = postSolution
		SolutionGuid = {68605DCC-D55F-4BE8-A6CB-63420FFDEDA2}
	EndGlobalSection
EndGlobal
