
Microsoft Visual Studio Solution File, Format Version 12.00
# Visual Studio 15
VisualStudioVersion = 15.0.27703.2035
MinimumVisualStudioVersion = 10.0.40219.1
Project("{FAE04EC0-301F-11D3-BF4B-00C04F79EFBC}") = "Jquery", "Jquery\Jquery.csproj", "{CA3C4755-9DFD-4F05-A1F7-DE0DCB4BA526}"
EndProject
Global
	GlobalSection(SolutionConfigurationPlatforms) = preSolution
		Debug|Any CPU = Debug|Any CPU
		Release|Any CPU = Release|Any CPU
	EndGlobalSection
	GlobalSection(ProjectConfigurationPlatforms) = postSolution
		{CA3C4755-9DFD-4F05-A1F7-DE0DCB4BA526}.Debug|Any CPU.ActiveCfg = Debug|Any CPU
		{CA3C4755-9DFD-4F05-A1F7-DE0DCB4BA526}.Debug|Any CPU.Build.0 = Debug|Any CPU
		{CA3C4755-9DFD-4F05-A1F7-DE0DCB4BA526}.Release|Any CPU.ActiveCfg = Release|Any CPU
		{CA3C4755-9DFD-4F05-A1F7-DE0DCB4BA526}.Release|Any CPU.Build.0 = Release|Any CPU
	EndGlobalSection
	GlobalSection(SolutionProperties) = preSolution
		HideSolutionNode = FALSE
	EndGlobalSection
	GlobalSection(ExtensibilityGlobals) = postSolution
		SolutionGuid = {DBEF8C75-27D9-44D5-90C9-EEBA7EA798C0}
	EndGlobalSection
EndGlobal
