
Microsoft Visual Studio Solution File, Format Version 12.00
# Visual Studio 15
VisualStudioVersion = 15.0.27703.2035
MinimumVisualStudioVersion = 10.0.40219.1
Project("{FAE04EC0-301F-11D3-BF4B-00C04F79EFBC}") = "AJAX", "AJAX\AJAX.csproj", "{548C5930-DD69-4F3C-A718-17E954024C90}"
EndProject
Global
	GlobalSection(SolutionConfigurationPlatforms) = preSolution
		Debug|Any CPU = Debug|Any CPU
		Release|Any CPU = Release|Any CPU
	EndGlobalSection
	GlobalSection(ProjectConfigurationPlatforms) = postSolution
		{548C5930-DD69-4F3C-A718-17E954024C90}.Debug|Any CPU.ActiveCfg = Debug|Any CPU
		{548C5930-DD69-4F3C-A718-17E954024C90}.Debug|Any CPU.Build.0 = Debug|Any CPU
		{548C5930-DD69-4F3C-A718-17E954024C90}.Release|Any CPU.ActiveCfg = Release|Any CPU
		{548C5930-DD69-4F3C-A718-17E954024C90}.Release|Any CPU.Build.0 = Release|Any CPU
	EndGlobalSection
	GlobalSection(SolutionProperties) = preSolution
		HideSolutionNode = FALSE
	EndGlobalSection
	GlobalSection(ExtensibilityGlobals) = postSolution
		SolutionGuid = {F7BB6569-08F5-416D-9EE5-DD36C94297A9}
	EndGlobalSection
EndGlobal
