
Microsoft Visual Studio Solution File, Format Version 12.00
# Visual Studio 15
VisualStudioVersion = 15.0.27703.2035
MinimumVisualStudioVersion = 10.0.40219.1
Project("{FAE04EC0-301F-11D3-BF4B-00C04F79EFBC}") = "UnitTest1", "UnitTest1\UnitTest1.csproj", "{802ABFD2-6175-4746-9BC7-B4405C2A245B}"
EndProject
Global
	GlobalSection(SolutionConfigurationPlatforms) = preSolution
		Debug|Any CPU = Debug|Any CPU
		Release|Any CPU = Release|Any CPU
	EndGlobalSection
	GlobalSection(ProjectConfigurationPlatforms) = postSolution
		{802ABFD2-6175-4746-9BC7-B4405C2A245B}.Debug|Any CPU.ActiveCfg = Debug|Any CPU
		{802ABFD2-6175-4746-9BC7-B4405C2A245B}.Debug|Any CPU.Build.0 = Debug|Any CPU
		{802ABFD2-6175-4746-9BC7-B4405C2A245B}.Release|Any CPU.ActiveCfg = Release|Any CPU
		{802ABFD2-6175-4746-9BC7-B4405C2A245B}.Release|Any CPU.Build.0 = Release|Any CPU
	EndGlobalSection
	GlobalSection(SolutionProperties) = preSolution
		HideSolutionNode = FALSE
	EndGlobalSection
	GlobalSection(ExtensibilityGlobals) = postSolution
		SolutionGuid = {27B5D2D0-21AA-4C16-955E-436B87788912}
	EndGlobalSection
EndGlobal
