
Microsoft Visual Studio Solution File, Format Version 12.00
# Visual Studio 15
VisualStudioVersion = 15.0.27703.2035
MinimumVisualStudioVersion = 10.0.40219.1
Project("{FAE04EC0-301F-11D3-BF4B-00C04F79EFBC}") = "Typescript", "Typescript\Typescript.csproj", "{8F75761A-7E69-450C-AF0F-72FE03F8A841}"
EndProject
Global
	GlobalSection(SolutionConfigurationPlatforms) = preSolution
		Debug|Any CPU = Debug|Any CPU
		Release|Any CPU = Release|Any CPU
	EndGlobalSection
	GlobalSection(ProjectConfigurationPlatforms) = postSolution
		{8F75761A-7E69-450C-AF0F-72FE03F8A841}.Debug|Any CPU.ActiveCfg = Debug|Any CPU
		{8F75761A-7E69-450C-AF0F-72FE03F8A841}.Debug|Any CPU.Build.0 = Debug|Any CPU
		{8F75761A-7E69-450C-AF0F-72FE03F8A841}.Release|Any CPU.ActiveCfg = Release|Any CPU
		{8F75761A-7E69-450C-AF0F-72FE03F8A841}.Release|Any CPU.Build.0 = Release|Any CPU
	EndGlobalSection
	GlobalSection(SolutionProperties) = preSolution
		HideSolutionNode = FALSE
	EndGlobalSection
	GlobalSection(ExtensibilityGlobals) = postSolution
		SolutionGuid = {BD2450AD-B313-4800-8ED4-FDD27CEDA909}
	EndGlobalSection
EndGlobal
